<?xml version="1.0" encoding="utf-8"?>
<Project ToolsVersion="4.0" xmlns="http://schemas.microsoft.com/developer/msbuild/2003">
  <ItemGroup>
    <Filter Include="Source Files">
      <UniqueIdentifier>{4FC737F1-C7A5-4376-A066-2A32D752A2FF}</UniqueIdentifier>
      <Extensions>cpp;c;cc;cxx;def;odl;idl;hpj;bat;asm;asmx</Extensions>
    </Filter>
    <Filter Include="Header Files">
      <UniqueIdentifier>{93995380-89BD-4b04-88EB-625FBE52EBFB}</UniqueIdentifier>
      <Extensions>h;hh;hpp;hxx;hm;inl;inc;xsd</Extensions>
    </Filter>
    <Filter Include="Resource Files">
      <UniqueIdentifier>{67DA6AB6-F800-4c08-8B7A-83BB121AAD01}</UniqueIdentifier>
      <Extensions>rc;ico;cur;bmp;dlg;rc2;rct;bin;rgs;gif;jpg;jpeg;jpe;resx;tiff;tif;png;wav;mfcribbon-ms</Extensions>
    </Filter>
    <Filter Include="Header Files\Utils">
      <UniqueIdentifier>{aa85d281-90fb-42dd-abce-8dceb294d219}</UniqueIdentifier>
    </Filter>
    <Filter Include="Header Files\States">
      <UniqueIdentifier>{407b3993-8e1d-431b-acaa-6adcdfa8cc8c}</UniqueIdentifier>
    </Filter>
    <Filter Include="Source Files\Entities">
      <UniqueIdentifier>{c0b812bd-27c1-4018-b1a5-c193fd3c2c05}</UniqueIdentifier>
    </Filter>
    <Filter Include="Source Files\States">
      <UniqueIdentifier>{40b00fe4-aa01-4767-a513-2cd746f960a3}</UniqueIdentifier>
    </Filter>
    <Filter Include="Source Files\Utils">
      <UniqueIdentifier>{22cdf209-7d94-450a-9195-a3c45a6a8117}</UniqueIdentifier>
    </Filter>
    <Filter Include="Header Files\Game">
      <UniqueIdentifier>{03cfc496-e59a-4b15-a855-df5ba409f3e1}</UniqueIdentifier>
    </Filter>
    <Filter Include="Header Files\Game\Entities">
      <UniqueIdentifier>{e021a5b9-3834-4c88-9a92-aee08030276d}</UniqueIdentifier>
    </Filter>
    <Filter Include="Header Files\Genetic">
      <UniqueIdentifier>{9223259f-7074-4fcc-bf7a-5c2f74b2d220}</UniqueIdentifier>
    </Filter>
  </ItemGroup>
  <ItemGroup>
    <None Include="packages.config" />
    <None Include="ResourceHolder.inl">
      <Filter>Header Files\Utils</Filter>
    </None>
  </ItemGroup>
  <ItemGroup>
    <ClInclude Include="Button.hpp">
      <Filter>Header Files</Filter>
    </ClInclude>
    <ClInclude Include="Game.hpp">
      <Filter>Header Files</Filter>
    </ClInclude>
    <ClInclude Include="LivingEntity.hpp">
      <Filter>Header Files\Game\Entities</Filter>
    </ClInclude>
    <ClInclude Include="Entity.hpp">
      <Filter>Header Files\Game\Entities</Filter>
    </ClInclude>
    <ClInclude Include="Chest.hpp">
      <Filter>Header Files\Game\Entities</Filter>
    </ClInclude>
    <ClInclude Include="Portal.hpp">
      <Filter>Header Files\Game\Entities</Filter>
    </ClInclude>
    <ClInclude Include="Utils.hpp">
      <Filter>Header Files\Utils</Filter>
    </ClInclude>
    <ClInclude Include="ResourceIdentifiers.hpp">
      <Filter>Header Files\Utils</Filter>
    </ClInclude>
    <ClInclude Include="ResourceHolder.hpp">
      <Filter>Header Files\Utils</Filter>
    </ClInclude>
    <ClInclude Include="myRandom.hpp">
      <Filter>Header Files\Utils</Filter>
    </ClInclude>
    <ClInclude Include="MenuState.hpp">
      <Filter>Header Files\States</Filter>
    </ClInclude>
    <ClInclude Include="State.hpp">
      <Filter>Header Files\States</Filter>
    </ClInclude>
    <ClInclude Include="StateStack.hpp">
      <Filter>Header Files\States</Filter>
    </ClInclude>
    <ClInclude Include="GameState.hpp">
      <Filter>Header Files\States</Filter>
    </ClInclude>
    <ClInclude Include="PowerUp.hpp">
      <Filter>Header Files\Game</Filter>
    </ClInclude>
    <ClInclude Include="TileMap.hpp">
      <Filter>Header Files\Game</Filter>
    </ClInclude>
    <ClInclude Include="Dungeon.hpp">
      <Filter>Header Files\Game</Filter>
    </ClInclude>
    <ClInclude Include="Grafo.hpp">
      <Filter>Header Files\Genetic</Filter>
    </ClInclude>
    <ClInclude Include="Gen.hpp">
      <Filter>Header Files\Genetic</Filter>
    </ClInclude>
    <ClInclude Include="AG.hpp">
      <Filter>Header Files\Genetic</Filter>
    </ClInclude>
    <ClInclude Include="Parametros.hpp">
      <Filter>Header Files\Genetic</Filter>
    </ClInclude>
    <ClInclude Include="Poblacion.hpp">
      <Filter>Header Files\Genetic</Filter>
    </ClInclude>
    <ClInclude Include="Cromosoma.hpp">
      <Filter>Header Files\Genetic</Filter>
    </ClInclude>
    <ClInclude Include="MetodoCruce.hpp">
      <Filter>Header Files\Genetic</Filter>
    </ClInclude>
    <ClInclude Include="MetodoMutacion.hpp">
      <Filter>Header Files\Genetic</Filter>
    </ClInclude>
    <ClInclude Include="MetodoSeleccion.hpp">
      <Filter>Header Files\Genetic</Filter>
    </ClInclude>
    <ClInclude Include="PauseState.hpp">
      <Filter>Header Files\States</Filter>
    </ClInclude>
    <ClInclude Include="LoadingState.hpp">
      <Filter>Header Files\States</Filter>
    </ClInclude>
    <ClInclude Include="ParallelTask.hpp">
      <Filter>Header Files\Utils</Filter>
    </ClInclude>
    <ClInclude Include="IAGObserver.hpp">
      <Filter>Header Files\Genetic</Filter>
    </ClInclude>
  </ItemGroup>
  <ItemGroup>
    <ClCompile Include="Main.cpp">
      <Filter>Source Files</Filter>
    </ClCompile>
    <ClCompile Include="Entity.cpp">
      <Filter>Source Files\Entities</Filter>
    </ClCompile>
    <ClCompile Include="LivingEntity.cpp">
      <Filter>Source Files\Entities</Filter>
    </ClCompile>
    <ClCompile Include="MenuState.cpp">
      <Filter>Source Files\States</Filter>
    </ClCompile>
    <ClCompile Include="State.cpp">
      <Filter>Source Files\States</Filter>
    </ClCompile>
    <ClCompile Include="StateStack.cpp">
      <Filter>Source Files\States</Filter>
    </ClCompile>
    <ClCompile Include="Utils.cpp">
      <Filter>Source Files\Utils</Filter>
    </ClCompile>
    <ClCompile Include="GameState.cpp">
      <Filter>Source Files\States</Filter>
    </ClCompile>
    <ClCompile Include="PauseState.cpp">
      <Filter>Source Files\States</Filter>
    </ClCompile>
    <ClCompile Include="LoadingState.cpp">
      <Filter>Source Files\States</Filter>
    </ClCompile>
    <ClCompile Include="ParallelTask.cpp">
      <Filter>Source Files\Utils</Filter>
    </ClCompile>
  </ItemGroup>
</Project>