<?xml version="1.0" encoding="utf-8"?>
<Project ToolsVersion="4.0" xmlns="http://schemas.microsoft.com/developer/msbuild/2003">
  <ItemGroup>
    <None Include="packages.config" />
    <None Include="ResourceHolder.inl">
      <Filter>Utils</Filter>
    </None>
  </ItemGroup>
  <ItemGroup>
    <ClCompile Include="Main.cpp" />
    <ClCompile Include="Entity.cpp">
      <Filter>Entities</Filter>
    </ClCompile>
    <ClCompile Include="LivingEntity.cpp">
      <Filter>Entities</Filter>
    </ClCompile>
    <ClCompile Include="State.cpp">
      <Filter>States</Filter>
    </ClCompile>
    <ClCompile Include="StateStack.cpp">
      <Filter>States</Filter>
    </ClCompile>
    <ClCompile Include="MenuState.cpp">
      <Filter>States</Filter>
    </ClCompile>
  </ItemGroup>
  <ItemGroup>
    <ClInclude Include="PowerUp.hpp" />
    <ClInclude Include="Entity.hpp">
      <Filter>Entities</Filter>
    </ClInclude>
    <ClInclude Include="LivingEntity.hpp">
      <Filter>Entities</Filter>
    </ClInclude>
    <ClInclude Include="Chest.hpp">
      <Filter>Entities</Filter>
    </ClInclude>
    <ClInclude Include="Portal.hpp">
      <Filter>Entities</Filter>
    </ClInclude>
    <ClInclude Include="TileMap.hpp" />
    <ClInclude Include="Game.hpp" />
    <ClInclude Include="State.hpp">
      <Filter>States</Filter>
    </ClInclude>
    <ClInclude Include="StateStack.hpp">
      <Filter>States</Filter>
    </ClInclude>
    <ClInclude Include="Utils.hpp">
      <Filter>Utils</Filter>
    </ClInclude>
    <ClInclude Include="ResourceIdentifiers.hpp">
      <Filter>Utils</Filter>
    </ClInclude>
    <ClInclude Include="ResourceHolder.hpp">
      <Filter>Utils</Filter>
    </ClInclude>
    <ClInclude Include="myRandom.hpp">
      <Filter>Utils</Filter>
    </ClInclude>
    <ClInclude Include="MenuState.hpp">
      <Filter>States</Filter>
    </ClInclude>
    <ClInclude Include="Button.hpp">
      <Filter>GUI</Filter>
    </ClInclude>
  </ItemGroup>
  <ItemGroup>
    <Filter Include="Entities">
      <UniqueIdentifier>{98c4505f-b9f7-4a3a-a246-eaae6f09f10f}</UniqueIdentifier>
    </Filter>
    <Filter Include="States">
      <UniqueIdentifier>{c861a2b2-4f75-4beb-90b8-0d2887a0cd54}</UniqueIdentifier>
    </Filter>
    <Filter Include="Utils">
      <UniqueIdentifier>{4057ad13-6ab9-4869-b780-ac59b946bd79}</UniqueIdentifier>
    </Filter>
    <Filter Include="GUI">
      <UniqueIdentifier>{ea64a6b2-2535-4e32-8bcc-b64b44daa1cc}</UniqueIdentifier>
    </Filter>
  </ItemGroup>
</Project>