<?xml version="1.0" encoding="utf-8"?>
<Project ToolsVersion="4.0" xmlns="http://schemas.microsoft.com/developer/msbuild/2003">
  <ItemGroup>
    <Filter Include="Archivos de código fuente">
      <UniqueIdentifier>{4FC737F1-C7A5-4376-A066-2A32D752A2FF}</UniqueIdentifier>
      <Extensions>cpp;c;cc;cxx;def;odl;idl;hpj;bat;asm;asmx</Extensions>
    </Filter>
    <Filter Include="Archivos de encabezado">
      <UniqueIdentifier>{93995380-89BD-4b04-88EB-625FBE52EBFB}</UniqueIdentifier>
      <Extensions>h;hh;hpp;hxx;hm;inl;inc;xsd</Extensions>
    </Filter>
    <Filter Include="Archivos de recursos">
      <UniqueIdentifier>{67DA6AB6-F800-4c08-8B7A-83BB121AAD01}</UniqueIdentifier>
      <Extensions>rc;ico;cur;bmp;dlg;rc2;rct;bin;rgs;gif;jpg;jpeg;jpe;resx;tiff;tif;png;wav;mfcribbon-ms</Extensions>
    </Filter>
    <Filter Include="Archivos de encabezado\modelo">
      <UniqueIdentifier>{ffa5f5ad-e851-4fe3-8aaa-98d47680019f}</UniqueIdentifier>
    </Filter>
    <Filter Include="Archivos de encabezado\vista">
      <UniqueIdentifier>{094225af-add0-47f7-9484-9f3ef5b9ea06}</UniqueIdentifier>
    </Filter>
    <Filter Include="Archivos de encabezado\modelo\cromosomas">
      <UniqueIdentifier>{a3a51260-8315-428d-9775-9f664a417c75}</UniqueIdentifier>
    </Filter>
    <Filter Include="Archivos de encabezado\modelo\grafo">
      <UniqueIdentifier>{e4c4e022-d03a-4ba1-bc32-e101973d2ed4}</UniqueIdentifier>
    </Filter>
    <Filter Include="Archivos de encabezado\utiles">
      <UniqueIdentifier>{2abda756-ee34-49f0-b33e-27ba61c64f6e}</UniqueIdentifier>
    </Filter>
    <Filter Include="Archivos de encabezado\modelo\ag">
      <UniqueIdentifier>{fba5fc84-007a-4b0b-ad47-16413c0f8d8d}</UniqueIdentifier>
    </Filter>
    <Filter Include="Archivos de encabezado\modelo\seleccion">
      <UniqueIdentifier>{b8ef1754-834d-4b80-924e-1b8037fb71af}</UniqueIdentifier>
    </Filter>
    <Filter Include="Archivos de encabezado\modelo\cruce">
      <UniqueIdentifier>{52634d24-4957-4a7c-9e3c-e779036fe960}</UniqueIdentifier>
    </Filter>
    <Filter Include="Archivos de encabezado\controlador">
      <UniqueIdentifier>{fcda80f6-dd1f-44f2-bf7c-5f8f1087faa7}</UniqueIdentifier>
    </Filter>
    <Filter Include="Archivos de encabezado\modelo\mutacion">
      <UniqueIdentifier>{9923e2e9-8435-4c46-9218-63149431357e}</UniqueIdentifier>
    </Filter>
    <Filter Include="Archivos de encabezado\modelo\mapas">
      <UniqueIdentifier>{ea521534-e599-4b7f-a7bc-a8cdb0f9cbde}</UniqueIdentifier>
    </Filter>
  </ItemGroup>
  <ItemGroup>
    <ClCompile Include="Main.cpp">
      <Filter>Archivos de código fuente</Filter>
    </ClCompile>
    <ClCompile Include="ScrollBar.cpp">
      <Filter>Archivos de encabezado\vista</Filter>
    </ClCompile>
  </ItemGroup>
  <ItemGroup>
    <ClInclude Include="Cromosoma.hpp">
      <Filter>Archivos de encabezado\modelo\cromosomas</Filter>
    </ClInclude>
    <ClInclude Include="Gen.hpp">
      <Filter>Archivos de encabezado\modelo\cromosomas</Filter>
    </ClInclude>
    <ClInclude Include="Grafo.hpp">
      <Filter>Archivos de encabezado\modelo\grafo</Filter>
    </ClInclude>
    <ClInclude Include="Pair.hpp">
      <Filter>Archivos de encabezado\utiles</Filter>
    </ClInclude>
    <ClInclude Include="AG.hpp">
      <Filter>Archivos de encabezado\modelo\ag</Filter>
    </ClInclude>
    <ClInclude Include="Poblacion.hpp">
      <Filter>Archivos de encabezado\modelo\ag</Filter>
    </ClInclude>
    <ClInclude Include="Parametros.hpp">
      <Filter>Archivos de encabezado\modelo\ag</Filter>
    </ClInclude>
    <ClInclude Include="MetodoMutacion.hpp">
      <Filter>Archivos de encabezado\modelo\mutacion</Filter>
    </ClInclude>
    <ClInclude Include="MetodoCruce.hpp">
      <Filter>Archivos de encabezado\modelo\cruce</Filter>
    </ClInclude>
    <ClInclude Include="Cronometro.hpp">
      <Filter>Archivos de encabezado\utiles</Filter>
    </ClInclude>
    <ClInclude Include="Button.hpp">
      <Filter>Archivos de encabezado\vista</Filter>
    </ClInclude>
    <ClInclude Include="ScrollBar.hpp">
      <Filter>Archivos de encabezado\vista</Filter>
    </ClInclude>
    <ClInclude Include="Components.hpp">
      <Filter>Archivos de encabezado\vista</Filter>
    </ClInclude>
    <ClInclude Include="Plotter.hpp">
      <Filter>Archivos de encabezado\vista</Filter>
    </ClInclude>
    <ClInclude Include="Ventana.hpp">
      <Filter>Archivos de encabezado\vista</Filter>
    </ClInclude>
    <ClInclude Include="Controlador.hpp">
      <Filter>Archivos de encabezado\controlador</Filter>
    </ClInclude>
    <ClInclude Include="IAGObserver.hpp">
      <Filter>Archivos de encabezado\modelo\ag</Filter>
    </ClInclude>
    <ClInclude Include="Logger.hpp">
      <Filter>Archivos de encabezado\vista</Filter>
    </ClInclude>
    <ClInclude Include="TabPane.hpp">
      <Filter>Archivos de encabezado\vista</Filter>
    </ClInclude>
    <ClInclude Include="MetodoSeleccion.hpp">
      <Filter>Archivos de encabezado\modelo\seleccion</Filter>
    </ClInclude>
    <ClInclude Include="GraphViewer.hpp">
      <Filter>Archivos de encabezado\vista</Filter>
    </ClInclude>
    <ClInclude Include="Rellenador.hpp">
      <Filter>Archivos de encabezado\modelo\mapas</Filter>
    </ClInclude>
    <ClInclude Include="Mazmorra.hpp">
      <Filter>Archivos de encabezado\modelo\mapas</Filter>
    </ClInclude>
    <ClInclude Include="Sala.hpp">
      <Filter>Archivos de encabezado\modelo\mapas</Filter>
    </ClInclude>
    <ClInclude Include="ParametrosEval.hpp">
      <Filter>Archivos de encabezado\modelo\ag</Filter>
    </ClInclude>
    <ClInclude Include="RoomViewer.hpp">
      <Filter>Archivos de encabezado\vista</Filter>
    </ClInclude>
    <ClInclude Include="RandomGen.hpp">
      <Filter>Archivos de encabezado\utiles</Filter>
    </ClInclude>
    <ClInclude Include="ProgressBar.hpp">
      <Filter>Archivos de encabezado\vista</Filter>
    </ClInclude>
  </ItemGroup>
  <ItemGroup>
    <None Include="packages.config" />
  </ItemGroup>
</Project>